
Microsoft Visual Studio Solution File, Format Version 12.00
Project("{FAE04EC0-301F-11D3-BF4B-00C04F79EFBC}") = "CSharp2Aquila", "CSharp2Aquila\CSharp2Aquila.csproj", "{F944F3C3-4B35-40B0-8AED-70CF5F84479C}"
EndProject
Global
	GlobalSection(SolutionConfigurationPlatforms) = preSolution
		Debug|Any CPU = Debug|Any CPU
		Release|Any CPU = Release|Any CPU
	EndGlobalSection
	GlobalSection(ProjectConfigurationPlatforms) = postSolution
		{F944F3C3-4B35-40B0-8AED-70CF5F84479C}.Debug|Any CPU.ActiveCfg = Debug|Any CPU
		{F944F3C3-4B35-40B0-8AED-70CF5F84479C}.Debug|Any CPU.Build.0 = Debug|Any CPU
		{F944F3C3-4B35-40B0-8AED-70CF5F84479C}.Release|Any CPU.ActiveCfg = Release|Any CPU
		{F944F3C3-4B35-40B0-8AED-70CF5F84479C}.Release|Any CPU.Build.0 = Release|Any CPU
	EndGlobalSection
EndGlobal
